// !$*UTF8*$!
{
	archiveVersion = 1;
	classes = {
	};
	objectVersion = 50;
	objects = {

/* Begin PBXBuildFile section */
		AD218AED25B2D4C6007A68B7 /* CurrentWeatherModel.swift in Sources */ = {isa = PBXBuildFile; fileRef = AD218AEC25B2D4C6007A68B7 /* CurrentWeatherModel.swift */; };
		AD218AF125B2DCD6007A68B7 /* GetNetwork.swift in Sources */ = {isa = PBXBuildFile; fileRef = AD218AF025B2DCD6007A68B7 /* GetNetwork.swift */; };
		AD218AF925B2E0BF007A68B7 /* CurrentWeatherViewController.swift in Sources */ = {isa = PBXBuildFile; fileRef = AD218AF825B2E0BF007A68B7 /* CurrentWeatherViewController.swift */; };
		AD41E6A225AE2411006DDDEF /* AppDelegate.swift in Sources */ = {isa = PBXBuildFile; fileRef = AD41E6A125AE2411006DDDEF /* AppDelegate.swift */; };
		AD41E6A425AE2411006DDDEF /* SceneDelegate.swift in Sources */ = {isa = PBXBuildFile; fileRef = AD41E6A325AE2411006DDDEF /* SceneDelegate.swift */; };
		AD41E6AC25AE2411006DDDEF /* Realm_Homework.xcdatamodeld in Sources */ = {isa = PBXBuildFile; fileRef = AD41E6AA25AE2411006DDDEF /* Realm_Homework.xcdatamodeld */; };
		AD41E6AE25AE2416006DDDEF /* Assets.xcassets in Resources */ = {isa = PBXBuildFile; fileRef = AD41E6AD25AE2416006DDDEF /* Assets.xcassets */; };
		AD41E6B125AE2416006DDDEF /* LaunchScreen.storyboard in Resources */ = {isa = PBXBuildFile; fileRef = AD41E6AF25AE2416006DDDEF /* LaunchScreen.storyboard */; };
		AD41E6D125AE2700006DDDEF /* TabBarViewController.swift in Sources */ = {isa = PBXBuildFile; fileRef = AD41E6D025AE2700006DDDEF /* TabBarViewController.swift */; };
		AD4B8DB725B1FD4E00CF9AEB /* UserDefaultsViewController.swift in Sources */ = {isa = PBXBuildFile; fileRef = AD4B8DB625B1FD4E00CF9AEB /* UserDefaultsViewController.swift */; };
		AD4B8DBA25B21D3A00CF9AEB /* UserDefaults.swift in Sources */ = {isa = PBXBuildFile; fileRef = AD4B8DB925B21D3A00CF9AEB /* UserDefaults.swift */; };
		AD4B8DBE25B2226600CF9AEB /* RealmToDoListViewController.swift in Sources */ = {isa = PBXBuildFile; fileRef = AD4B8DBD25B2226600CF9AEB /* RealmToDoListViewController.swift */; };
		AD4B8DC125B2286F00CF9AEB /* RealmToDoTableViewCell.swift in Sources */ = {isa = PBXBuildFile; fileRef = AD4B8DC025B2286F00CF9AEB /* RealmToDoTableViewCell.swift */; };
/* End PBXBuildFile section */

/* Begin PBXFileReference section */
		AD218AEC25B2D4C6007A68B7 /* CurrentWeatherModel.swift */ = {isa = PBXFileReference; lastKnownFileType = sourcecode.swift; path = CurrentWeatherModel.swift; sourceTree = "<group>"; };
		AD218AF025B2DCD6007A68B7 /* GetNetwork.swift */ = {isa = PBXFileReference; lastKnownFileType = sourcecode.swift; path = GetNetwork.swift; sourceTree = "<group>"; };
		AD218AF825B2E0BF007A68B7 /* CurrentWeatherViewController.swift */ = {isa = PBXFileReference; lastKnownFileType = sourcecode.swift; path = CurrentWeatherViewController.swift; sourceTree = "<group>"; };
		AD41E69E25AE2411006DDDEF /* Realm-Homework.app */ = {isa = PBXFileReference; explicitFileType = wrapper.application; includeInIndex = 0; path = "Realm-Homework.app"; sourceTree = BUILT_PRODUCTS_DIR; };
		AD41E6A125AE2411006DDDEF /* AppDelegate.swift */ = {isa = PBXFileReference; lastKnownFileType = sourcecode.swift; path = AppDelegate.swift; sourceTree = "<group>"; };
		AD41E6A325AE2411006DDDEF /* SceneDelegate.swift */ = {isa = PBXFileReference; lastKnownFileType = sourcecode.swift; path = SceneDelegate.swift; sourceTree = "<group>"; };
		AD41E6AB25AE2411006DDDEF /* Realm_Homework.xcdatamodel */ = {isa = PBXFileReference; lastKnownFileType = wrapper.xcdatamodel; path = Realm_Homework.xcdatamodel; sourceTree = "<group>"; };
		AD41E6AD25AE2416006DDDEF /* Assets.xcassets */ = {isa = PBXFileReference; lastKnownFileType = folder.assetcatalog; path = Assets.xcassets; sourceTree = "<group>"; };
		AD41E6B025AE2416006DDDEF /* Base */ = {isa = PBXFileReference; lastKnownFileType = file.storyboard; name = Base; path = Base.lproj/LaunchScreen.storyboard; sourceTree = "<group>"; };
		AD41E6B225AE2416006DDDEF /* Info.plist */ = {isa = PBXFileReference; lastKnownFileType = text.plist.xml; path = Info.plist; sourceTree = "<group>"; };
		AD41E6D025AE2700006DDDEF /* TabBarViewController.swift */ = {isa = PBXFileReference; lastKnownFileType = sourcecode.swift; path = TabBarViewController.swift; sourceTree = "<group>"; };
		AD4B8DB625B1FD4E00CF9AEB /* UserDefaultsViewController.swift */ = {isa = PBXFileReference; lastKnownFileType = sourcecode.swift; path = UserDefaultsViewController.swift; sourceTree = "<group>"; };
		AD4B8DB925B21D3A00CF9AEB /* UserDefaults.swift */ = {isa = PBXFileReference; lastKnownFileType = sourcecode.swift; path = UserDefaults.swift; sourceTree = "<group>"; };
		AD4B8DBD25B2226600CF9AEB /* RealmToDoListViewController.swift */ = {isa = PBXFileReference; lastKnownFileType = sourcecode.swift; path = RealmToDoListViewController.swift; sourceTree = "<group>"; };
		AD4B8DC025B2286F00CF9AEB /* RealmToDoTableViewCell.swift */ = {isa = PBXFileReference; lastKnownFileType = sourcecode.swift; path = RealmToDoTableViewCell.swift; sourceTree = "<group>"; };
/* End PBXFileReference section */

/* Begin PBXFrameworksBuildPhase section */
		AD41E69B25AE2411006DDDEF /* Frameworks */ = {
			isa = PBXFrameworksBuildPhase;
			buildActionMask = 2147483647;
			files = (
			);
			runOnlyForDeploymentPostprocessing = 0;
		};
/* End PBXFrameworksBuildPhase section */

/* Begin PBXGroup section */
		AD218AEB25B2D4B0007A68B7 /* Network */ = {
			isa = PBXGroup;
			children = (
				AD218AEC25B2D4C6007A68B7 /* CurrentWeatherModel.swift */,
				AD218AF025B2DCD6007A68B7 /* GetNetwork.swift */,
			);
			path = Network;
			sourceTree = "<group>";
		};
		AD218AF725B2E0B0007A68B7 /* Weather */ = {
			isa = PBXGroup;
			children = (
				AD218AF825B2E0BF007A68B7 /* CurrentWeatherViewController.swift */,
			);
			path = Weather;
			sourceTree = "<group>";
		};
		AD41E69525AE2411006DDDEF = {
			isa = PBXGroup;
			children = (
				AD41E6A025AE2411006DDDEF /* Realm-Homework */,
				AD41E69F25AE2411006DDDEF /* Products */,
			);
			sourceTree = "<group>";
		};
		AD41E69F25AE2411006DDDEF /* Products */ = {
			isa = PBXGroup;
			children = (
				AD41E69E25AE2411006DDDEF /* Realm-Homework.app */,
			);
			name = Products;
			sourceTree = "<group>";
		};
		AD41E6A025AE2411006DDDEF /* Realm-Homework */ = {
			isa = PBXGroup;
			children = (
				AD41E6BC25AE24F4006DDDEF /* ViewControllers */,
				AD41E6A125AE2411006DDDEF /* AppDelegate.swift */,
				AD41E6A325AE2411006DDDEF /* SceneDelegate.swift */,
				AD41E6AD25AE2416006DDDEF /* Assets.xcassets */,
				AD41E6AF25AE2416006DDDEF /* LaunchScreen.storyboard */,
				AD41E6B225AE2416006DDDEF /* Info.plist */,
				AD41E6AA25AE2411006DDDEF /* Realm_Homework.xcdatamodeld */,
			);
			path = "Realm-Homework";
			sourceTree = "<group>";
		};
		AD41E6BC25AE24F4006DDDEF /* ViewControllers */ = {
			isa = PBXGroup;
			children = (
				AD218AF725B2E0B0007A68B7 /* Weather */,
				AD218AEB25B2D4B0007A68B7 /* Network */,
				AD4B8DBC25B2225200CF9AEB /* Realm */,
				AD41E6C225AE2533006DDDEF /* UserDefaults */,
				AD41E6BD25AE24FD006DDDEF /* TabBar */,
			);
			path = ViewControllers;
			sourceTree = "<group>";
		};
		AD41E6BD25AE24FD006DDDEF /* TabBar */ = {
			isa = PBXGroup;
			children = (
				AD41E6D025AE2700006DDDEF /* TabBarViewController.swift */,
			);
			path = TabBar;
			sourceTree = "<group>";
		};
		AD41E6C225AE2533006DDDEF /* UserDefaults */ = {
			isa = PBXGroup;
			children = (
				AD4B8DB625B1FD4E00CF9AEB /* UserDefaultsViewController.swift */,
				AD4B8DB925B21D3A00CF9AEB /* UserDefaults.swift */,
			);
			path = UserDefaults;
			sourceTree = "<group>";
		};
		AD4B8DBC25B2225200CF9AEB /* Realm */ = {
			isa = PBXGroup;
			children = (
				AD4B8DBD25B2226600CF9AEB /* RealmToDoListViewController.swift */,
				AD4B8DC025B2286F00CF9AEB /* RealmToDoTableViewCell.swift */,
			);
			path = Realm;
			sourceTree = "<group>";
		};
/* End PBXGroup section */

/* Begin PBXNativeTarget section */
		AD41E69D25AE2411006DDDEF /* Realm-Homework */ = {
			isa = PBXNativeTarget;
			buildConfigurationList = AD41E6B525AE2416006DDDEF /* Build configuration list for PBXNativeTarget "Realm-Homework" */;
			buildPhases = (
				AD41E69A25AE2411006DDDEF /* Sources */,
				AD41E69B25AE2411006DDDEF /* Frameworks */,
				AD41E69C25AE2411006DDDEF /* Resources */,
			);
			buildRules = (
			);
			dependencies = (
			);
			name = "Realm-Homework";
			productName = "Realm-Homework";
			productReference = AD41E69E25AE2411006DDDEF /* Realm-Homework.app */;
			productType = "com.apple.product-type.application";
		};
/* End PBXNativeTarget section */

/* Begin PBXProject section */
		AD41E69625AE2411006DDDEF /* Project object */ = {
			isa = PBXProject;
			attributes = {
				LastSwiftUpdateCheck = 1220;
				LastUpgradeCheck = 1220;
				TargetAttributes = {
					AD41E69D25AE2411006DDDEF = {
						CreatedOnToolsVersion = 12.2;
					};
				};
			};
			buildConfigurationList = AD41E69925AE2411006DDDEF /* Build configuration list for PBXProject "Realm-Homework" */;
			compatibilityVersion = "Xcode 9.3";
			developmentRegion = en;
			hasScannedForEncodings = 0;
			knownRegions = (
				en,
				Base,
			);
			mainGroup = AD41E69525AE2411006DDDEF;
			productRefGroup = AD41E69F25AE2411006DDDEF /* Products */;
			projectDirPath = "";
			projectRoot = "";
			targets = (
				AD41E69D25AE2411006DDDEF /* Realm-Homework */,
			);
		};
/* End PBXProject section */

/* Begin PBXResourcesBuildPhase section */
		AD41E69C25AE2411006DDDEF /* Resources */ = {
			isa = PBXResourcesBuildPhase;
			buildActionMask = 2147483647;
			files = (
				AD41E6B125AE2416006DDDEF /* LaunchScreen.storyboard in Resources */,
				AD41E6AE25AE2416006DDDEF /* Assets.xcassets in Resources */,
			);
			runOnlyForDeploymentPostprocessing = 0;
		};
/* End PBXResourcesBuildPhase section */

/* Begin PBXSourcesBuildPhase section */
		AD41E69A25AE2411006DDDEF /* Sources */ = {
			isa = PBXSourcesBuildPhase;
			buildActionMask = 2147483647;
			files = (
				AD41E6A225AE2411006DDDEF /* AppDelegate.swift in Sources */,
				AD4B8DC125B2286F00CF9AEB /* RealmToDoTableViewCell.swift in Sources */,
				AD4B8DB725B1FD4E00CF9AEB /* UserDefaultsViewController.swift in Sources */,
				AD4B8DBA25B21D3A00CF9AEB /* UserDefaults.swift in Sources */,
				AD41E6A425AE2411006DDDEF /* SceneDelegate.swift in Sources */,
				AD41E6D125AE2700006DDDEF /* TabBarViewController.swift in Sources */,
				AD218AF925B2E0BF007A68B7 /* CurrentWeatherViewController.swift in Sources */,
				AD4B8DBE25B2226600CF9AEB /* RealmToDoListViewController.swift in Sources */,
				AD218AF125B2DCD6007A68B7 /* GetNetwork.swift in Sources */,
				AD41E6AC25AE2411006DDDEF /* Realm_Homework.xcdatamodeld in Sources */,
				AD218AED25B2D4C6007A68B7 /* CurrentWeatherModel.swift in Sources */,
			);
			runOnlyForDeploymentPostprocessing = 0;
		};
/* End PBXSourcesBuildPhase section */

/* Begin PBXVariantGroup section */
		AD41E6AF25AE2416006DDDEF /* LaunchScreen.storyboard */ = {
			isa = PBXVariantGroup;
			children = (
				AD41E6B025AE2416006DDDEF /* Base */,
			);
			name = LaunchScreen.storyboard;
			sourceTree = "<group>";
		};
/* End PBXVariantGroup section */

/* Begin XCBuildConfiguration section */
		AD41E6B325AE2416006DDDEF /* Debug */ = {
			isa = XCBuildConfiguration;
			buildSettings = {
				ALWAYS_SEARCH_USER_PATHS = NO;
				CLANG_ANALYZER_NONNULL = YES;
				CLANG_ANALYZER_NUMBER_OBJECT_CONVERSION = YES_AGGRESSIVE;
				CLANG_CXX_LANGUAGE_STANDARD = "gnu++14";
				CLANG_CXX_LIBRARY = "libc++";
				CLANG_ENABLE_MODULES = YES;
				CLANG_ENABLE_OBJC_ARC = YES;
				CLANG_ENABLE_OBJC_WEAK = YES;
				CLANG_WARN_BLOCK_CAPTURE_AUTORELEASING = YES;
				CLANG_WARN_BOOL_CONVERSION = YES;
				CLANG_WARN_COMMA = YES;
				CLANG_WARN_CONSTANT_CONVERSION = YES;
				CLANG_WARN_DEPRECATED_OBJC_IMPLEMENTATIONS = YES;
				CLANG_WARN_DIRECT_OBJC_ISA_USAGE = YES_ERROR;
				CLANG_WARN_DOCUMENTATION_COMMENTS = YES;
				CLANG_WARN_EMPTY_BODY = YES;
				CLANG_WARN_ENUM_CONVERSION = YES;
				CLANG_WARN_INFINITE_RECURSION = YES;
				CLANG_WARN_INT_CONVERSION = YES;
				CLANG_WARN_NON_LITERAL_NULL_CONVERSION = YES;
				CLANG_WARN_OBJC_IMPLICIT_RETAIN_SELF = YES;
				CLANG_WARN_OBJC_LITERAL_CONVERSION = YES;
				CLANG_WARN_OBJC_ROOT_CLASS = YES_ERROR;
				CLANG_WARN_QUOTED_INCLUDE_IN_FRAMEWORK_HEADER = YES;
				CLANG_WARN_RANGE_LOOP_ANALYSIS = YES;
				CLANG_WARN_STRICT_PROTOTYPES = YES;
				CLANG_WARN_SUSPICIOUS_MOVE = YES;
				CLANG_WARN_UNGUARDED_AVAILABILITY = YES_AGGRESSIVE;
				CLANG_WARN_UNREACHABLE_CODE = YES;
				CLANG_WARN__DUPLICATE_METHOD_MATCH = YES;
				COPY_PHASE_STRIP = NO;
				DEBUG_INFORMATION_FORMAT = dwarf;
				ENABLE_STRICT_OBJC_MSGSEND = YES;
				ENABLE_TESTABILITY = YES;
				GCC_C_LANGUAGE_STANDARD = gnu11;
				GCC_DYNAMIC_NO_PIC = NO;
				GCC_NO_COMMON_BLOCKS = YES;
				GCC_OPTIMIZATION_LEVEL = 0;
				GCC_PREPROCESSOR_DEFINITIONS = (
					"DEBUG=1",
					"$(inherited)",
				);
				GCC_WARN_64_TO_32_BIT_CONVERSION = YES;
				GCC_WARN_ABOUT_RETURN_TYPE = YES_ERROR;
				GCC_WARN_UNDECLARED_SELECTOR = YES;
				GCC_WARN_UNINITIALIZED_AUTOS = YES_AGGRESSIVE;
				GCC_WARN_UNUSED_FUNCTION = YES;
				GCC_WARN_UNUSED_VARIABLE = YES;
				IPHONEOS_DEPLOYMENT_TARGET = 14.2;
				MTL_ENABLE_DEBUG_INFO = INCLUDE_SOURCE;
				MTL_FAST_MATH = YES;
				ONLY_ACTIVE_ARCH = YES;
				SDKROOT = iphoneos;
				SWIFT_ACTIVE_COMPILATION_CONDITIONS = DEBUG;
				SWIFT_OPTIMIZATION_LEVEL = "-Onone";
			};
			name = Debug;
		};
		AD41E6B425AE2416006DDDEF /* Release */ = {
			isa = XCBuildConfiguration;
			buildSettings = {
				ALWAYS_SEARCH_USER_PATHS = NO;
				CLANG_ANALYZER_NONNULL = YES;
				CLANG_ANALYZER_NUMBER_OBJECT_CONVERSION = YES_AGGRESSIVE;
				CLANG_CXX_LANGUAGE_STANDARD = "gnu++14";
				CLANG_CXX_LIBRARY = "libc++";
				CLANG_ENABLE_MODULES = YES;
				CLANG_ENABLE_OBJC_ARC = YES;
				CLANG_ENABLE_OBJC_WEAK = YES;
				CLANG_WARN_BLOCK_CAPTURE_AUTORELEASING = YES;
				CLANG_WARN_BOOL_CONVERSION = YES;
				CLANG_WARN_COMMA = YES;
				CLANG_WARN_CONSTANT_CONVERSION = YES;
				CLANG_WARN_DEPRECATED_OBJC_IMPLEMENTATIONS = YES;
				CLANG_WARN_DIRECT_OBJC_ISA_USAGE = YES_ERROR;
				CLANG_WARN_DOCUMENTATION_COMMENTS = YES;
				CLANG_WARN_EMPTY_BODY = YES;
				CLANG_WARN_ENUM_CONVERSION = YES;
				CLANG_WARN_INFINITE_RECURSION = YES;
				CLANG_WARN_INT_CONVERSION = YES;
				CLANG_WARN_NON_LITERAL_NULL_CONVERSION = YES;
				CLANG_WARN_OBJC_IMPLICIT_RETAIN_SELF = YES;
				CLANG_WARN_OBJC_LITERAL_CONVERSION = YES;
				CLANG_WARN_OBJC_ROOT_CLASS = YES_ERROR;
				CLANG_WARN_QUOTED_INCLUDE_IN_FRAMEWORK_HEADER = YES;
				CLANG_WARN_RANGE_LOOP_ANALYSIS = YES;
				CLANG_WARN_STRICT_PROTOTYPES = YES;
				CLANG_WARN_SUSPICIOUS_MOVE = YES;
				CLANG_WARN_UNGUARDED_AVAILABILITY = YES_AGGRESSIVE;
				CLANG_WARN_UNREACHABLE_CODE = YES;
				CLANG_WARN__DUPLICATE_METHOD_MATCH = YES;
				COPY_PHASE_STRIP = NO;
				DEBUG_INFORMATION_FORMAT = "dwarf-with-dsym";
				ENABLE_NS_ASSERTIONS = NO;
				ENABLE_STRICT_OBJC_MSGSEND = YES;
				GCC_C_LANGUAGE_STANDARD = gnu11;
				GCC_NO_COMMON_BLOCKS = YES;
				GCC_WARN_64_TO_32_BIT_CONVERSION = YES;
				GCC_WARN_ABOUT_RETURN_TYPE = YES_ERROR;
				GCC_WARN_UNDECLARED_SELECTOR = YES;
				GCC_WARN_UNINITIALIZED_AUTOS = YES_AGGRESSIVE;
				GCC_WARN_UNUSED_FUNCTION = YES;
				GCC_WARN_UNUSED_VARIABLE = YES;
				IPHONEOS_DEPLOYMENT_TARGET = 14.2;
				MTL_ENABLE_DEBUG_INFO = NO;
				MTL_FAST_MATH = YES;
				SDKROOT = iphoneos;
				SWIFT_COMPILATION_MODE = wholemodule;
				SWIFT_OPTIMIZATION_LEVEL = "-O";
				VALIDATE_PRODUCT = YES;
			};
			name = Release;
		};
		AD41E6B625AE2416006DDDEF /* Debug */ = {
			isa = XCBuildConfiguration;
			buildSettings = {
				ASSETCATALOG_COMPILER_APPICON_NAME = AppIcon;
				ASSETCATALOG_COMPILER_GLOBAL_ACCENT_COLOR_NAME = AccentColor;
				CODE_SIGN_STYLE = Automatic;
				DEVELOPMENT_TEAM = CWJGT3SS6R;
				INFOPLIST_FILE = "Realm-Homework/Info.plist";
				LD_RUNPATH_SEARCH_PATHS = (
					"$(inherited)",
					"@executable_path/Frameworks",
				);
				PRODUCT_BUNDLE_IDENTIFIER = "AndreyLapin.Realm-Homework";
				PRODUCT_NAME = "$(TARGET_NAME)";
				SWIFT_VERSION = 5.0;
				TARGETED_DEVICE_FAMILY = "1,2";
			};
			name = Debug;
		};
		AD41E6B725AE2416006DDDEF /* Release */ = {
			isa = XCBuildConfiguration;
			buildSettings = {
				ASSETCATALOG_COMPILER_APPICON_NAME = AppIcon;
				ASSETCATALOG_COMPILER_GLOBAL_ACCENT_COLOR_NAME = AccentColor;
				CODE_SIGN_STYLE = Automatic;
				DEVELOPMENT_TEAM = CWJGT3SS6R;
				INFOPLIST_FILE = "Realm-Homework/Info.plist";
				LD_RUNPATH_SEARCH_PATHS = (
					"$(inherited)",
					"@executable_path/Frameworks",
				);
				PRODUCT_BUNDLE_IDENTIFIER = "AndreyLapin.Realm-Homework";
				PRODUCT_NAME = "$(TARGET_NAME)";
				SWIFT_VERSION = 5.0;
				TARGETED_DEVICE_FAMILY = "1,2";
			};
			name = Release;
		};
/* End XCBuildConfiguration section */

/* Begin XCConfigurationList section */
		AD41E69925AE2411006DDDEF /* Build configuration list for PBXProject "Realm-Homework" */ = {
			isa = XCConfigurationList;
			buildConfigurations = (
				AD41E6B325AE2416006DDDEF /* Debug */,
				AD41E6B425AE2416006DDDEF /* Release */,
			);
			defaultConfigurationIsVisible = 0;
			defaultConfigurationName = Release;
		};
		AD41E6B525AE2416006DDDEF /* Build configuration list for PBXNativeTarget "Realm-Homework" */ = {
			isa = XCConfigurationList;
			buildConfigurations = (
				AD41E6B625AE2416006DDDEF /* Debug */,
				AD41E6B725AE2416006DDDEF /* Release */,
			);
			defaultConfigurationIsVisible = 0;
			defaultConfigurationName = Release;
		};
/* End XCConfigurationList section */

/* Begin XCVersionGroup section */
		AD41E6AA25AE2411006DDDEF /* Realm_Homework.xcdatamodeld */ = {
			isa = XCVersionGroup;
			children = (
				AD41E6AB25AE2411006DDDEF /* Realm_Homework.xcdatamodel */,
			);
			currentVersion = AD41E6AB25AE2411006DDDEF /* Realm_Homework.xcdatamodel */;
			path = Realm_Homework.xcdatamodeld;
			sourceTree = "<group>";
			versionGroupType = wrapper.xcdatamodel;
		};
/* End XCVersionGroup section */
	};
	rootObject = AD41E69625AE2411006DDDEF /* Project object */;
}
