// !$*UTF8*$!
{
	archiveVersion = 1;
	classes = {
	};
	objectVersion = 51;
	objects = {

/* Begin PBXBuildFile section */
		AD04EBD725B36B2600038E91 /* ForecastViewController.swift in Sources */ = {isa = PBXBuildFile; fileRef = AD04EBD625B36B2600038E91 /* ForecastViewController.swift */; };
		AD04EBDA25B36EF600038E91 /* ForecastWeatherModel.swift in Sources */ = {isa = PBXBuildFile; fileRef = AD04EBD925B36EF600038E91 /* ForecastWeatherModel.swift */; };
		AD0DAAB225B713D900D9A116 /* CoreDataViewController.swift in Sources */ = {isa = PBXBuildFile; fileRef = AD0DAAB125B713D900D9A116 /* CoreDataViewController.swift */; };
		AD0DAAB525B7203200D9A116 /* CoreDataTableViewCell.swift in Sources */ = {isa = PBXBuildFile; fileRef = AD0DAAB425B7203200D9A116 /* CoreDataTableViewCell.swift */; };
		AD218AED25B2D4C6007A68B7 /* CurrentWeatherModel.swift in Sources */ = {isa = PBXBuildFile; fileRef = AD218AEC25B2D4C6007A68B7 /* CurrentWeatherModel.swift */; };
		AD218AF125B2DCD6007A68B7 /* GetNetwork.swift in Sources */ = {isa = PBXBuildFile; fileRef = AD218AF025B2DCD6007A68B7 /* GetNetwork.swift */; };
		AD218AF925B2E0BF007A68B7 /* CurrentWeatherViewController.swift in Sources */ = {isa = PBXBuildFile; fileRef = AD218AF825B2E0BF007A68B7 /* CurrentWeatherViewController.swift */; };
		AD41E6A225AE2411006DDDEF /* AppDelegate.swift in Sources */ = {isa = PBXBuildFile; fileRef = AD41E6A125AE2411006DDDEF /* AppDelegate.swift */; };
		AD41E6A425AE2411006DDDEF /* SceneDelegate.swift in Sources */ = {isa = PBXBuildFile; fileRef = AD41E6A325AE2411006DDDEF /* SceneDelegate.swift */; };
		AD41E6AC25AE2411006DDDEF /* Realm_Homework.xcdatamodeld in Sources */ = {isa = PBXBuildFile; fileRef = AD41E6AA25AE2411006DDDEF /* Realm_Homework.xcdatamodeld */; };
		AD41E6AE25AE2416006DDDEF /* Assets.xcassets in Resources */ = {isa = PBXBuildFile; fileRef = AD41E6AD25AE2416006DDDEF /* Assets.xcassets */; };
		AD41E6B125AE2416006DDDEF /* LaunchScreen.storyboard in Resources */ = {isa = PBXBuildFile; fileRef = AD41E6AF25AE2416006DDDEF /* LaunchScreen.storyboard */; };
		AD41E6D125AE2700006DDDEF /* TabBarViewController.swift in Sources */ = {isa = PBXBuildFile; fileRef = AD41E6D025AE2700006DDDEF /* TabBarViewController.swift */; };
		AD4B8DB725B1FD4E00CF9AEB /* UserDefaultsViewController.swift in Sources */ = {isa = PBXBuildFile; fileRef = AD4B8DB625B1FD4E00CF9AEB /* UserDefaultsViewController.swift */; };
		AD4B8DBA25B21D3A00CF9AEB /* UserDefaults.swift in Sources */ = {isa = PBXBuildFile; fileRef = AD4B8DB925B21D3A00CF9AEB /* UserDefaults.swift */; };
		AD4B8DBE25B2226600CF9AEB /* RealmToDoListViewController.swift in Sources */ = {isa = PBXBuildFile; fileRef = AD4B8DBD25B2226600CF9AEB /* RealmToDoListViewController.swift */; };
		AD4B8DC125B2286F00CF9AEB /* RealmToDoTableViewCell.swift in Sources */ = {isa = PBXBuildFile; fileRef = AD4B8DC025B2286F00CF9AEB /* RealmToDoTableViewCell.swift */; };
		ADA6EDBA25B4929D0008D00A /* .gitignore in Resources */ = {isa = PBXBuildFile; fileRef = ADA6EDB925B4929D0008D00A /* .gitignore */; };
		ADA6EDBD25B4930E0008D00A /* RealmModels.swift in Sources */ = {isa = PBXBuildFile; fileRef = ADA6EDBC25B4930E0008D00A /* RealmModels.swift */; };
		ADA6EDC025B4BB900008D00A /* ForecastTableViewCell.swift in Sources */ = {isa = PBXBuildFile; fileRef = ADA6EDBF25B4BB900008D00A /* ForecastTableViewCell.swift */; };
		D410D83266274B25B47456D8 /* Pods_Realm_Homework.framework in Frameworks */ = {isa = PBXBuildFile; fileRef = 53585445D5F5E4EDE9CF31E9 /* Pods_Realm_Homework.framework */; };
/* End PBXBuildFile section */

/* Begin PBXFileReference section */
		53585445D5F5E4EDE9CF31E9 /* Pods_Realm_Homework.framework */ = {isa = PBXFileReference; explicitFileType = wrapper.framework; includeInIndex = 0; path = Pods_Realm_Homework.framework; sourceTree = BUILT_PRODUCTS_DIR; };
		7E751FD01DB4477CBB331F34 /* Pods-Realm-Homework.debug.xcconfig */ = {isa = PBXFileReference; includeInIndex = 1; lastKnownFileType = text.xcconfig; name = "Pods-Realm-Homework.debug.xcconfig"; path = "Target Support Files/Pods-Realm-Homework/Pods-Realm-Homework.debug.xcconfig"; sourceTree = "<group>"; };
		AD04EBD625B36B2600038E91 /* ForecastViewController.swift */ = {isa = PBXFileReference; lastKnownFileType = sourcecode.swift; path = ForecastViewController.swift; sourceTree = "<group>"; };
		AD04EBD925B36EF600038E91 /* ForecastWeatherModel.swift */ = {isa = PBXFileReference; lastKnownFileType = sourcecode.swift; path = ForecastWeatherModel.swift; sourceTree = "<group>"; };
		AD0DAAB125B713D900D9A116 /* CoreDataViewController.swift */ = {isa = PBXFileReference; lastKnownFileType = sourcecode.swift; path = CoreDataViewController.swift; sourceTree = "<group>"; };
		AD0DAAB425B7203200D9A116 /* CoreDataTableViewCell.swift */ = {isa = PBXFileReference; lastKnownFileType = sourcecode.swift; path = CoreDataTableViewCell.swift; sourceTree = "<group>"; };
		AD218AEC25B2D4C6007A68B7 /* CurrentWeatherModel.swift */ = {isa = PBXFileReference; lastKnownFileType = sourcecode.swift; path = CurrentWeatherModel.swift; sourceTree = "<group>"; };
		AD218AF025B2DCD6007A68B7 /* GetNetwork.swift */ = {isa = PBXFileReference; lastKnownFileType = sourcecode.swift; path = GetNetwork.swift; sourceTree = "<group>"; };
		AD218AF825B2E0BF007A68B7 /* CurrentWeatherViewController.swift */ = {isa = PBXFileReference; lastKnownFileType = sourcecode.swift; path = CurrentWeatherViewController.swift; sourceTree = "<group>"; };
		AD41E69E25AE2411006DDDEF /* Realm-Homework.app */ = {isa = PBXFileReference; explicitFileType = wrapper.application; includeInIndex = 0; path = "Realm-Homework.app"; sourceTree = BUILT_PRODUCTS_DIR; };
		AD41E6A125AE2411006DDDEF /* AppDelegate.swift */ = {isa = PBXFileReference; lastKnownFileType = sourcecode.swift; path = AppDelegate.swift; sourceTree = "<group>"; };
		AD41E6A325AE2411006DDDEF /* SceneDelegate.swift */ = {isa = PBXFileReference; lastKnownFileType = sourcecode.swift; path = SceneDelegate.swift; sourceTree = "<group>"; };
		AD41E6AB25AE2411006DDDEF /* Realm_Homework.xcdatamodel */ = {isa = PBXFileReference; lastKnownFileType = wrapper.xcdatamodel; path = Realm_Homework.xcdatamodel; sourceTree = "<group>"; };
		AD41E6AD25AE2416006DDDEF /* Assets.xcassets */ = {isa = PBXFileReference; lastKnownFileType = folder.assetcatalog; path = Assets.xcassets; sourceTree = "<group>"; };
		AD41E6B025AE2416006DDDEF /* Base */ = {isa = PBXFileReference; lastKnownFileType = file.storyboard; name = Base; path = Base.lproj/LaunchScreen.storyboard; sourceTree = "<group>"; };
		AD41E6B225AE2416006DDDEF /* Info.plist */ = {isa = PBXFileReference; lastKnownFileType = text.plist.xml; path = Info.plist; sourceTree = "<group>"; };
		AD41E6D025AE2700006DDDEF /* TabBarViewController.swift */ = {isa = PBXFileReference; lastKnownFileType = sourcecode.swift; path = TabBarViewController.swift; sourceTree = "<group>"; };
		AD4B8DB625B1FD4E00CF9AEB /* UserDefaultsViewController.swift */ = {isa = PBXFileReference; lastKnownFileType = sourcecode.swift; path = UserDefaultsViewController.swift; sourceTree = "<group>"; };
		AD4B8DB925B21D3A00CF9AEB /* UserDefaults.swift */ = {isa = PBXFileReference; lastKnownFileType = sourcecode.swift; path = UserDefaults.swift; sourceTree = "<group>"; };
		AD4B8DBD25B2226600CF9AEB /* RealmToDoListViewController.swift */ = {isa = PBXFileReference; lastKnownFileType = sourcecode.swift; path = RealmToDoListViewController.swift; sourceTree = "<group>"; };
		AD4B8DC025B2286F00CF9AEB /* RealmToDoTableViewCell.swift */ = {isa = PBXFileReference; lastKnownFileType = sourcecode.swift; path = RealmToDoTableViewCell.swift; sourceTree = "<group>"; };
		ADA6EDB925B4929D0008D00A /* .gitignore */ = {isa = PBXFileReference; lastKnownFileType = text; path = .gitignore; sourceTree = "<group>"; };
		ADA6EDBC25B4930E0008D00A /* RealmModels.swift */ = {isa = PBXFileReference; lastKnownFileType = sourcecode.swift; path = RealmModels.swift; sourceTree = "<group>"; };
		ADA6EDBF25B4BB900008D00A /* ForecastTableViewCell.swift */ = {isa = PBXFileReference; lastKnownFileType = sourcecode.swift; path = ForecastTableViewCell.swift; sourceTree = "<group>"; };
		E172D68FBC8CF7A0A5890D87 /* Pods-Realm-Homework.release.xcconfig */ = {isa = PBXFileReference; includeInIndex = 1; lastKnownFileType = text.xcconfig; name = "Pods-Realm-Homework.release.xcconfig"; path = "Target Support Files/Pods-Realm-Homework/Pods-Realm-Homework.release.xcconfig"; sourceTree = "<group>"; };
/* End PBXFileReference section */

/* Begin PBXFrameworksBuildPhase section */
		AD41E69B25AE2411006DDDEF /* Frameworks */ = {
			isa = PBXFrameworksBuildPhase;
			buildActionMask = 2147483647;
			files = (
				D410D83266274B25B47456D8 /* Pods_Realm_Homework.framework in Frameworks */,
			);
			runOnlyForDeploymentPostprocessing = 0;
		};
/* End PBXFrameworksBuildPhase section */

/* Begin PBXGroup section */
		84F8EE1504BC3D5FC5B3A147 /* Pods */ = {
			isa = PBXGroup;
			children = (
				7E751FD01DB4477CBB331F34 /* Pods-Realm-Homework.debug.xcconfig */,
				E172D68FBC8CF7A0A5890D87 /* Pods-Realm-Homework.release.xcconfig */,
			);
			path = Pods;
			sourceTree = "<group>";
		};
		AD0DAAB025B713BF00D9A116 /* CoreData */ = {
			isa = PBXGroup;
			children = (
				AD0DAAB125B713D900D9A116 /* CoreDataViewController.swift */,
				AD0DAAB425B7203200D9A116 /* CoreDataTableViewCell.swift */,
			);
			path = CoreData;
			sourceTree = "<group>";
		};
		AD218AEB25B2D4B0007A68B7 /* Network */ = {
			isa = PBXGroup;
			children = (
				AD218AEC25B2D4C6007A68B7 /* CurrentWeatherModel.swift */,
				AD218AF025B2DCD6007A68B7 /* GetNetwork.swift */,
				AD04EBD925B36EF600038E91 /* ForecastWeatherModel.swift */,
			);
			path = Network;
			sourceTree = "<group>";
		};
		AD218AF725B2E0B0007A68B7 /* Weather */ = {
			isa = PBXGroup;
			children = (
				AD218AF825B2E0BF007A68B7 /* CurrentWeatherViewController.swift */,
				AD04EBD625B36B2600038E91 /* ForecastViewController.swift */,
				ADA6EDBF25B4BB900008D00A /* ForecastTableViewCell.swift */,
			);
			path = Weather;
			sourceTree = "<group>";
		};
		AD41E69525AE2411006DDDEF = {
			isa = PBXGroup;
			children = (
				ADA6EDB925B4929D0008D00A /* .gitignore */,
				AD41E6A025AE2411006DDDEF /* Realm-Homework */,
				AD41E69F25AE2411006DDDEF /* Products */,
				84F8EE1504BC3D5FC5B3A147 /* Pods */,
				F1A43D8F19139F3A7C3E9718 /* Frameworks */,
			);
			sourceTree = "<group>";
		};
		AD41E69F25AE2411006DDDEF /* Products */ = {
			isa = PBXGroup;
			children = (
				AD41E69E25AE2411006DDDEF /* Realm-Homework.app */,
			);
			name = Products;
			sourceTree = "<group>";
		};
		AD41E6A025AE2411006DDDEF /* Realm-Homework */ = {
			isa = PBXGroup;
			children = (
				AD41E6BC25AE24F4006DDDEF /* ViewControllers */,
				AD41E6A125AE2411006DDDEF /* AppDelegate.swift */,
				AD41E6A325AE2411006DDDEF /* SceneDelegate.swift */,
				AD41E6AD25AE2416006DDDEF /* Assets.xcassets */,
				AD41E6AF25AE2416006DDDEF /* LaunchScreen.storyboard */,
				AD41E6B225AE2416006DDDEF /* Info.plist */,
				AD41E6AA25AE2411006DDDEF /* Realm_Homework.xcdatamodeld */,
			);
			path = "Realm-Homework";
			sourceTree = "<group>";
		};
		AD41E6BC25AE24F4006DDDEF /* ViewControllers */ = {
			isa = PBXGroup;
			children = (
				AD0DAAB025B713BF00D9A116 /* CoreData */,
				AD218AF725B2E0B0007A68B7 /* Weather */,
				AD218AEB25B2D4B0007A68B7 /* Network */,
				AD4B8DBC25B2225200CF9AEB /* Realm */,
				AD41E6C225AE2533006DDDEF /* UserDefaults */,
				AD41E6BD25AE24FD006DDDEF /* TabBar */,
			);
			path = ViewControllers;
			sourceTree = "<group>";
		};
		AD41E6BD25AE24FD006DDDEF /* TabBar */ = {
			isa = PBXGroup;
			children = (
				AD41E6D025AE2700006DDDEF /* TabBarViewController.swift */,
			);
			path = TabBar;
			sourceTree = "<group>";
		};
		AD41E6C225AE2533006DDDEF /* UserDefaults */ = {
			isa = PBXGroup;
			children = (
				AD4B8DB625B1FD4E00CF9AEB /* UserDefaultsViewController.swift */,
				AD4B8DB925B21D3A00CF9AEB /* UserDefaults.swift */,
			);
			path = UserDefaults;
			sourceTree = "<group>";
		};
		AD4B8DBC25B2225200CF9AEB /* Realm */ = {
			isa = PBXGroup;
			children = (
				AD4B8DBD25B2226600CF9AEB /* RealmToDoListViewController.swift */,
				AD4B8DC025B2286F00CF9AEB /* RealmToDoTableViewCell.swift */,
				ADA6EDBC25B4930E0008D00A /* RealmModels.swift */,
			);
			path = Realm;
			sourceTree = "<group>";
		};
		F1A43D8F19139F3A7C3E9718 /* Frameworks */ = {
			isa = PBXGroup;
			children = (
				53585445D5F5E4EDE9CF31E9 /* Pods_Realm_Homework.framework */,
			);
			name = Frameworks;
			sourceTree = "<group>";
		};
/* End PBXGroup section */

/* Begin PBXNativeTarget section */
		AD41E69D25AE2411006DDDEF /* Realm-Homework */ = {
			isa = PBXNativeTarget;
			buildConfigurationList = AD41E6B525AE2416006DDDEF /* Build configuration list for PBXNativeTarget "Realm-Homework" */;
			buildPhases = (
				D1F58A935F552193A9A3B1E7 /* [CP] Check Pods Manifest.lock */,
				AD41E69A25AE2411006DDDEF /* Sources */,
				AD41E69B25AE2411006DDDEF /* Frameworks */,
				AD41E69C25AE2411006DDDEF /* Resources */,
				C731AE46FB2D37188DF9A700 /* [CP] Embed Pods Frameworks */,
			);
			buildRules = (
			);
			dependencies = (
			);
			name = "Realm-Homework";
			productName = "Realm-Homework";
			productReference = AD41E69E25AE2411006DDDEF /* Realm-Homework.app */;
			productType = "com.apple.product-type.application";
		};
/* End PBXNativeTarget section */

/* Begin PBXProject section */
		AD41E69625AE2411006DDDEF /* Project object */ = {
			isa = PBXProject;
			attributes = {
				LastSwiftUpdateCheck = 1220;
				LastUpgradeCheck = 1220;
				TargetAttributes = {
					AD41E69D25AE2411006DDDEF = {
						CreatedOnToolsVersion = 12.2;
					};
				};
			};
			buildConfigurationList = AD41E69925AE2411006DDDEF /* Build configuration list for PBXProject "Realm-Homework" */;
			compatibilityVersion = "Xcode 9.3";
			developmentRegion = en;
			hasScannedForEncodings = 0;
			knownRegions = (
				en,
				Base,
			);
			mainGroup = AD41E69525AE2411006DDDEF;
			productRefGroup = AD41E69F25AE2411006DDDEF /* Products */;
			projectDirPath = "";
			projectRoot = "";
			targets = (
				AD41E69D25AE2411006DDDEF /* Realm-Homework */,
			);
		};
/* End PBXProject section */

/* Begin PBXResourcesBuildPhase section */
		AD41E69C25AE2411006DDDEF /* Resources */ = {
			isa = PBXResourcesBuildPhase;
			buildActionMask = 2147483647;
			files = (
				AD41E6B125AE2416006DDDEF /* LaunchScreen.storyboard in Resources */,
				ADA6EDBA25B4929D0008D00A /* .gitignore in Resources */,
				AD41E6AE25AE2416006DDDEF /* Assets.xcassets in Resources */,
			);
			runOnlyForDeploymentPostprocessing = 0;
		};
/* End PBXResourcesBuildPhase section */

/* Begin PBXShellScriptBuildPhase section */
		C731AE46FB2D37188DF9A700 /* [CP] Embed Pods Frameworks */ = {
			isa = PBXShellScriptBuildPhase;
			buildActionMask = 2147483647;
			files = (
			);
			inputFileListPaths = (
				"${PODS_ROOT}/Target Support Files/Pods-Realm-Homework/Pods-Realm-Homework-frameworks-${CONFIGURATION}-input-files.xcfilelist",
			);
			name = "[CP] Embed Pods Frameworks";
			outputFileListPaths = (
				"${PODS_ROOT}/Target Support Files/Pods-Realm-Homework/Pods-Realm-Homework-frameworks-${CONFIGURATION}-output-files.xcfilelist",
			);
			runOnlyForDeploymentPostprocessing = 0;
			shellPath = /bin/sh;
			shellScript = "\"${PODS_ROOT}/Target Support Files/Pods-Realm-Homework/Pods-Realm-Homework-frameworks.sh\"\n";
			showEnvVarsInLog = 0;
		};
		D1F58A935F552193A9A3B1E7 /* [CP] Check Pods Manifest.lock */ = {
			isa = PBXShellScriptBuildPhase;
			buildActionMask = 2147483647;
			files = (
			);
			inputFileListPaths = (
			);
			inputPaths = (
				"${PODS_PODFILE_DIR_PATH}/Podfile.lock",
				"${PODS_ROOT}/Manifest.lock",
			);
			name = "[CP] Check Pods Manifest.lock";
			outputFileListPaths = (
			);
			outputPaths = (
				"$(DERIVED_FILE_DIR)/Pods-Realm-Homework-checkManifestLockResult.txt",
			);
			runOnlyForDeploymentPostprocessing = 0;
			shellPath = /bin/sh;
			shellScript = "diff \"${PODS_PODFILE_DIR_PATH}/Podfile.lock\" \"${PODS_ROOT}/Manifest.lock\" > /dev/null\nif [ $? != 0 ] ; then\n    # print error to STDERR\n    echo \"error: The sandbox is not in sync with the Podfile.lock. Run 'pod install' or update your CocoaPods installation.\" >&2\n    exit 1\nfi\n# This output is used by Xcode 'outputs' to avoid re-running this script phase.\necho \"SUCCESS\" > \"${SCRIPT_OUTPUT_FILE_0}\"\n";
			showEnvVarsInLog = 0;
		};
/* End PBXShellScriptBuildPhase section */

/* Begin PBXSourcesBuildPhase section */
		AD41E69A25AE2411006DDDEF /* Sources */ = {
			isa = PBXSourcesBuildPhase;
			buildActionMask = 2147483647;
			files = (
				AD41E6A225AE2411006DDDEF /* AppDelegate.swift in Sources */,
				AD4B8DC125B2286F00CF9AEB /* RealmToDoTableViewCell.swift in Sources */,
				AD4B8DB725B1FD4E00CF9AEB /* UserDefaultsViewController.swift in Sources */,
				AD4B8DBA25B21D3A00CF9AEB /* UserDefaults.swift in Sources */,
				AD41E6A425AE2411006DDDEF /* SceneDelegate.swift in Sources */,
				AD0DAAB525B7203200D9A116 /* CoreDataTableViewCell.swift in Sources */,
				AD04EBD725B36B2600038E91 /* ForecastViewController.swift in Sources */,
				ADA6EDC025B4BB900008D00A /* ForecastTableViewCell.swift in Sources */,
				AD41E6D125AE2700006DDDEF /* TabBarViewController.swift in Sources */,
				AD218AF925B2E0BF007A68B7 /* CurrentWeatherViewController.swift in Sources */,
				AD0DAAB225B713D900D9A116 /* CoreDataViewController.swift in Sources */,
				ADA6EDBD25B4930E0008D00A /* RealmModels.swift in Sources */,
				AD04EBDA25B36EF600038E91 /* ForecastWeatherModel.swift in Sources */,
				AD4B8DBE25B2226600CF9AEB /* RealmToDoListViewController.swift in Sources */,
				AD218AF125B2DCD6007A68B7 /* GetNetwork.swift in Sources */,
				AD41E6AC25AE2411006DDDEF /* Realm_Homework.xcdatamodeld in Sources */,
				AD218AED25B2D4C6007A68B7 /* CurrentWeatherModel.swift in Sources */,
			);
			runOnlyForDeploymentPostprocessing = 0;
		};
/* End PBXSourcesBuildPhase section */

/* Begin PBXVariantGroup section */
		AD41E6AF25AE2416006DDDEF /* LaunchScreen.storyboard */ = {
			isa = PBXVariantGroup;
			children = (
				AD41E6B025AE2416006DDDEF /* Base */,
			);
			name = LaunchScreen.storyboard;
			sourceTree = "<group>";
		};
/* End PBXVariantGroup section */

/* Begin XCBuildConfiguration section */
		AD41E6B325AE2416006DDDEF /* Debug */ = {
			isa = XCBuildConfiguration;
			buildSettings = {
				ALWAYS_SEARCH_USER_PATHS = NO;
				CLANG_ANALYZER_NONNULL = YES;
				CLANG_ANALYZER_NUMBER_OBJECT_CONVERSION = YES_AGGRESSIVE;
				CLANG_CXX_LANGUAGE_STANDARD = "gnu++14";
				CLANG_CXX_LIBRARY = "libc++";
				CLANG_ENABLE_MODULES = YES;
				CLANG_ENABLE_OBJC_ARC = YES;
				CLANG_ENABLE_OBJC_WEAK = YES;
				CLANG_WARN_BLOCK_CAPTURE_AUTORELEASING = YES;
				CLANG_WARN_BOOL_CONVERSION = YES;
				CLANG_WARN_COMMA = YES;
				CLANG_WARN_CONSTANT_CONVERSION = YES;
				CLANG_WARN_DEPRECATED_OBJC_IMPLEMENTATIONS = YES;
				CLANG_WARN_DIRECT_OBJC_ISA_USAGE = YES_ERROR;
				CLANG_WARN_DOCUMENTATION_COMMENTS = YES;
				CLANG_WARN_EMPTY_BODY = YES;
				CLANG_WARN_ENUM_CONVERSION = YES;
				CLANG_WARN_INFINITE_RECURSION = YES;
				CLANG_WARN_INT_CONVERSION = YES;
				CLANG_WARN_NON_LITERAL_NULL_CONVERSION = YES;
				CLANG_WARN_OBJC_IMPLICIT_RETAIN_SELF = YES;
				CLANG_WARN_OBJC_LITERAL_CONVERSION = YES;
				CLANG_WARN_OBJC_ROOT_CLASS = YES_ERROR;
				CLANG_WARN_QUOTED_INCLUDE_IN_FRAMEWORK_HEADER = YES;
				CLANG_WARN_RANGE_LOOP_ANALYSIS = YES;
				CLANG_WARN_STRICT_PROTOTYPES = YES;
				CLANG_WARN_SUSPICIOUS_MOVE = YES;
				CLANG_WARN_UNGUARDED_AVAILABILITY = YES_AGGRESSIVE;
				CLANG_WARN_UNREACHABLE_CODE = YES;
				CLANG_WARN__DUPLICATE_METHOD_MATCH = YES;
				COPY_PHASE_STRIP = NO;
				DEBUG_INFORMATION_FORMAT = dwarf;
				ENABLE_STRICT_OBJC_MSGSEND = YES;
				ENABLE_TESTABILITY = YES;
				GCC_C_LANGUAGE_STANDARD = gnu11;
				GCC_DYNAMIC_NO_PIC = NO;
				GCC_NO_COMMON_BLOCKS = YES;
				GCC_OPTIMIZATION_LEVEL = 0;
				GCC_PREPROCESSOR_DEFINITIONS = (
					"DEBUG=1",
					"$(inherited)",
				);
				GCC_WARN_64_TO_32_BIT_CONVERSION = YES;
				GCC_WARN_ABOUT_RETURN_TYPE = YES_ERROR;
				GCC_WARN_UNDECLARED_SELECTOR = YES;
				GCC_WARN_UNINITIALIZED_AUTOS = YES_AGGRESSIVE;
				GCC_WARN_UNUSED_FUNCTION = YES;
				GCC_WARN_UNUSED_VARIABLE = YES;
				IPHONEOS_DEPLOYMENT_TARGET = 14.2;
				MTL_ENABLE_DEBUG_INFO = INCLUDE_SOURCE;
				MTL_FAST_MATH = YES;
				ONLY_ACTIVE_ARCH = YES;
				SDKROOT = iphoneos;
				SWIFT_ACTIVE_COMPILATION_CONDITIONS = DEBUG;
				SWIFT_OPTIMIZATION_LEVEL = "-Onone";
			};
			name = Debug;
		};
		AD41E6B425AE2416006DDDEF /* Release */ = {
			isa = XCBuildConfiguration;
			buildSettings = {
				ALWAYS_SEARCH_USER_PATHS = NO;
				CLANG_ANALYZER_NONNULL = YES;
				CLANG_ANALYZER_NUMBER_OBJECT_CONVERSION = YES_AGGRESSIVE;
				CLANG_CXX_LANGUAGE_STANDARD = "gnu++14";
				CLANG_CXX_LIBRARY = "libc++";
				CLANG_ENABLE_MODULES = YES;
				CLANG_ENABLE_OBJC_ARC = YES;
				CLANG_ENABLE_OBJC_WEAK = YES;
				CLANG_WARN_BLOCK_CAPTURE_AUTORELEASING = YES;
				CLANG_WARN_BOOL_CONVERSION = YES;
				CLANG_WARN_COMMA = YES;
				CLANG_WARN_CONSTANT_CONVERSION = YES;
				CLANG_WARN_DEPRECATED_OBJC_IMPLEMENTATIONS = YES;
				CLANG_WARN_DIRECT_OBJC_ISA_USAGE = YES_ERROR;
				CLANG_WARN_DOCUMENTATION_COMMENTS = YES;
				CLANG_WARN_EMPTY_BODY = YES;
				CLANG_WARN_ENUM_CONVERSION = YES;
				CLANG_WARN_INFINITE_RECURSION = YES;
				CLANG_WARN_INT_CONVERSION = YES;
				CLANG_WARN_NON_LITERAL_NULL_CONVERSION = YES;
				CLANG_WARN_OBJC_IMPLICIT_RETAIN_SELF = YES;
				CLANG_WARN_OBJC_LITERAL_CONVERSION = YES;
				CLANG_WARN_OBJC_ROOT_CLASS = YES_ERROR;
				CLANG_WARN_QUOTED_INCLUDE_IN_FRAMEWORK_HEADER = YES;
				CLANG_WARN_RANGE_LOOP_ANALYSIS = YES;
				CLANG_WARN_STRICT_PROTOTYPES = YES;
				CLANG_WARN_SUSPICIOUS_MOVE = YES;
				CLANG_WARN_UNGUARDED_AVAILABILITY = YES_AGGRESSIVE;
				CLANG_WARN_UNREACHABLE_CODE = YES;
				CLANG_WARN__DUPLICATE_METHOD_MATCH = YES;
				COPY_PHASE_STRIP = NO;
				DEBUG_INFORMATION_FORMAT = "dwarf-with-dsym";
				ENABLE_NS_ASSERTIONS = NO;
				ENABLE_STRICT_OBJC_MSGSEND = YES;
				GCC_C_LANGUAGE_STANDARD = gnu11;
				GCC_NO_COMMON_BLOCKS = YES;
				GCC_WARN_64_TO_32_BIT_CONVERSION = YES;
				GCC_WARN_ABOUT_RETURN_TYPE = YES_ERROR;
				GCC_WARN_UNDECLARED_SELECTOR = YES;
				GCC_WARN_UNINITIALIZED_AUTOS = YES_AGGRESSIVE;
				GCC_WARN_UNUSED_FUNCTION = YES;
				GCC_WARN_UNUSED_VARIABLE = YES;
				IPHONEOS_DEPLOYMENT_TARGET = 14.2;
				MTL_ENABLE_DEBUG_INFO = NO;
				MTL_FAST_MATH = YES;
				SDKROOT = iphoneos;
				SWIFT_COMPILATION_MODE = wholemodule;
				SWIFT_OPTIMIZATION_LEVEL = "-O";
				VALIDATE_PRODUCT = YES;
			};
			name = Release;
		};
		AD41E6B625AE2416006DDDEF /* Debug */ = {
			isa = XCBuildConfiguration;
			baseConfigurationReference = 7E751FD01DB4477CBB331F34 /* Pods-Realm-Homework.debug.xcconfig */;
			buildSettings = {
				ASSETCATALOG_COMPILER_APPICON_NAME = AppIcon;
				ASSETCATALOG_COMPILER_GLOBAL_ACCENT_COLOR_NAME = AccentColor;
				CODE_SIGN_STYLE = Automatic;
				DEVELOPMENT_TEAM = CWJGT3SS6R;
				INFOPLIST_FILE = "Realm-Homework/Info.plist";
				LD_RUNPATH_SEARCH_PATHS = (
					"$(inherited)",
					"@executable_path/Frameworks",
				);
				PRODUCT_BUNDLE_IDENTIFIER = "AndreyLapin.Realm-Homework";
				PRODUCT_NAME = "$(TARGET_NAME)";
				SWIFT_VERSION = 5.0;
				TARGETED_DEVICE_FAMILY = "1,2";
			};
			name = Debug;
		};
		AD41E6B725AE2416006DDDEF /* Release */ = {
			isa = XCBuildConfiguration;
			baseConfigurationReference = E172D68FBC8CF7A0A5890D87 /* Pods-Realm-Homework.release.xcconfig */;
			buildSettings = {
				ASSETCATALOG_COMPILER_APPICON_NAME = AppIcon;
				ASSETCATALOG_COMPILER_GLOBAL_ACCENT_COLOR_NAME = AccentColor;
				CODE_SIGN_STYLE = Automatic;
				DEVELOPMENT_TEAM = CWJGT3SS6R;
				INFOPLIST_FILE = "Realm-Homework/Info.plist";
				LD_RUNPATH_SEARCH_PATHS = (
					"$(inherited)",
					"@executable_path/Frameworks",
				);
				PRODUCT_BUNDLE_IDENTIFIER = "AndreyLapin.Realm-Homework";
				PRODUCT_NAME = "$(TARGET_NAME)";
				SWIFT_VERSION = 5.0;
				TARGETED_DEVICE_FAMILY = "1,2";
			};
			name = Release;
		};
/* End XCBuildConfiguration section */

/* Begin XCConfigurationList section */
		AD41E69925AE2411006DDDEF /* Build configuration list for PBXProject "Realm-Homework" */ = {
			isa = XCConfigurationList;
			buildConfigurations = (
				AD41E6B325AE2416006DDDEF /* Debug */,
				AD41E6B425AE2416006DDDEF /* Release */,
			);
			defaultConfigurationIsVisible = 0;
			defaultConfigurationName = Release;
		};
		AD41E6B525AE2416006DDDEF /* Build configuration list for PBXNativeTarget "Realm-Homework" */ = {
			isa = XCConfigurationList;
			buildConfigurations = (
				AD41E6B625AE2416006DDDEF /* Debug */,
				AD41E6B725AE2416006DDDEF /* Release */,
			);
			defaultConfigurationIsVisible = 0;
			defaultConfigurationName = Release;
		};
/* End XCConfigurationList section */

/* Begin XCVersionGroup section */
		AD41E6AA25AE2411006DDDEF /* Realm_Homework.xcdatamodeld */ = {
			isa = XCVersionGroup;
			children = (
				AD41E6AB25AE2411006DDDEF /* Realm_Homework.xcdatamodel */,
			);
			currentVersion = AD41E6AB25AE2411006DDDEF /* Realm_Homework.xcdatamodel */;
			path = Realm_Homework.xcdatamodeld;
			sourceTree = "<group>";
			versionGroupType = wrapper.xcdatamodel;
		};
/* End XCVersionGroup section */
	};
	rootObject = AD41E69625AE2411006DDDEF /* Project object */;
}
